// !$*UTF8*$!
{
	archiveVersion = 1;
	classes = {
	};
	objectVersion = 46;
	objects = {

/* Begin PBXBuildFile section */
		2D6895F61E52BC7800800FF4 /* LoginViewController.swift in Sources */ = {isa = PBXBuildFile; fileRef = 2D6895F51E52BC7800800FF4 /* LoginViewController.swift */; };
		2D6895F91E52C8E100800FF4 /* ChatViewController.swift in Sources */ = {isa = PBXBuildFile; fileRef = 2D6895F81E52C8E100800FF4 /* ChatViewController.swift */; };
		2DC588B91E52B746001FBCE1 /* AppDelegate.swift in Sources */ = {isa = PBXBuildFile; fileRef = 2DC588B81E52B746001FBCE1 /* AppDelegate.swift */; };
		2DC588BE1E52B746001FBCE1 /* Main.storyboard in Resources */ = {isa = PBXBuildFile; fileRef = 2DC588BC1E52B746001FBCE1 /* Main.storyboard */; };
		2DC588C01E52B746001FBCE1 /* Assets.xcassets in Resources */ = {isa = PBXBuildFile; fileRef = 2DC588BF1E52B746001FBCE1 /* Assets.xcassets */; };
		2DC588C31E52B746001FBCE1 /* LaunchScreen.storyboard in Resources */ = {isa = PBXBuildFile; fileRef = 2DC588C11E52B746001FBCE1 /* LaunchScreen.storyboard */; };
		2DC588CE1E52B746001FBCE1 /* ParseChatTests.swift in Sources */ = {isa = PBXBuildFile; fileRef = 2DC588CD1E52B746001FBCE1 /* ParseChatTests.swift */; };
		2DC588D91E52B746001FBCE1 /* ParseChatUITests.swift in Sources */ = {isa = PBXBuildFile; fileRef = 2DC588D81E52B746001FBCE1 /* ParseChatUITests.swift */; };
		327C235440549EDBEB639EF6 /* Pods_ParseChatUITests.framework in Frameworks */ = {isa = PBXBuildFile; fileRef = 801141C172B770E621484AC3 /* Pods_ParseChatUITests.framework */; };
		32914AF7D7A52163A43BC96C /* Pods_ParseChatTests.framework in Frameworks */ = {isa = PBXBuildFile; fileRef = AF2CC4D674A3A1EAFFA7D50D /* Pods_ParseChatTests.framework */; };
		B97BCAF1B37AD45559D8C56D /* Pods_ParseChat.framework in Frameworks */ = {isa = PBXBuildFile; fileRef = C003820BB9882F95D7DCB2C5 /* Pods_ParseChat.framework */; };
/* End PBXBuildFile section */

/* Begin PBXContainerItemProxy section */
		2DC588CA1E52B746001FBCE1 /* PBXContainerItemProxy */ = {
			isa = PBXContainerItemProxy;
			containerPortal = 2DC588AD1E52B746001FBCE1 /* Project object */;
			proxyType = 1;
			remoteGlobalIDString = 2DC588B41E52B746001FBCE1;
			remoteInfo = ParseChat;
		};
		2DC588D51E52B746001FBCE1 /* PBXContainerItemProxy */ = {
			isa = PBXContainerItemProxy;
			containerPortal = 2DC588AD1E52B746001FBCE1 /* Project object */;
			proxyType = 1;
			remoteGlobalIDString = 2DC588B41E52B746001FBCE1;
			remoteInfo = ParseChat;
		};
/* End PBXContainerItemProxy section */

/* Begin PBXFileReference section */
		2D6895F51E52BC7800800FF4 /* LoginViewController.swift */ = {isa = PBXFileReference; fileEncoding = 4; lastKnownFileType = sourcecode.swift; path = LoginViewController.swift; sourceTree = "<group>"; };
		2D6895F81E52C8E100800FF4 /* ChatViewController.swift */ = {isa = PBXFileReference; fileEncoding = 4; lastKnownFileType = sourcecode.swift; path = ChatViewController.swift; sourceTree = "<group>"; };
		2DC588B51E52B746001FBCE1 /* ParseChat.app */ = {isa = PBXFileReference; explicitFileType = wrapper.application; includeInIndex = 0; path = ParseChat.app; sourceTree = BUILT_PRODUCTS_DIR; };
		2DC588B81E52B746001FBCE1 /* AppDelegate.swift */ = {isa = PBXFileReference; lastKnownFileType = sourcecode.swift; path = AppDelegate.swift; sourceTree = "<group>"; };
		2DC588BD1E52B746001FBCE1 /* Base */ = {isa = PBXFileReference; lastKnownFileType = file.storyboard; name = Base; path = Base.lproj/Main.storyboard; sourceTree = "<group>"; };
		2DC588BF1E52B746001FBCE1 /* Assets.xcassets */ = {isa = PBXFileReference; lastKnownFileType = folder.assetcatalog; path = Assets.xcassets; sourceTree = "<group>"; };
		2DC588C21E52B746001FBCE1 /* Base */ = {isa = PBXFileReference; lastKnownFileType = file.storyboard; name = Base; path = Base.lproj/LaunchScreen.storyboard; sourceTree = "<group>"; };
		2DC588C41E52B746001FBCE1 /* Info.plist */ = {isa = PBXFileReference; lastKnownFileType = text.plist.xml; path = Info.plist; sourceTree = "<group>"; };
		2DC588C91E52B746001FBCE1 /* ParseChatTests.xctest */ = {isa = PBXFileReference; explicitFileType = wrapper.cfbundle; includeInIndex = 0; path = ParseChatTests.xctest; sourceTree = BUILT_PRODUCTS_DIR; };
		2DC588CD1E52B746001FBCE1 /* ParseChatTests.swift */ = {isa = PBXFileReference; lastKnownFileType = sourcecode.swift; path = ParseChatTests.swift; sourceTree = "<group>"; };
		2DC588CF1E52B746001FBCE1 /* Info.plist */ = {isa = PBXFileReference; lastKnownFileType = text.plist.xml; path = Info.plist; sourceTree = "<group>"; };
		2DC588D41E52B746001FBCE1 /* ParseChatUITests.xctest */ = {isa = PBXFileReference; explicitFileType = wrapper.cfbundle; includeInIndex = 0; path = ParseChatUITests.xctest; sourceTree = BUILT_PRODUCTS_DIR; };
		2DC588D81E52B746001FBCE1 /* ParseChatUITests.swift */ = {isa = PBXFileReference; lastKnownFileType = sourcecode.swift; path = ParseChatUITests.swift; sourceTree = "<group>"; };
		2DC588DA1E52B746001FBCE1 /* Info.plist */ = {isa = PBXFileReference; lastKnownFileType = text.plist.xml; path = Info.plist; sourceTree = "<group>"; };
		34C2FD97DEFDD38B2CFFD0E7 /* Pods-ParseChatTests.debug.xcconfig */ = {isa = PBXFileReference; includeInIndex = 1; lastKnownFileType = text.xcconfig; name = "Pods-ParseChatTests.debug.xcconfig"; path = "Pods/Target Support Files/Pods-ParseChatTests/Pods-ParseChatTests.debug.xcconfig"; sourceTree = "<group>"; };
		50CCDB47EF1861C9D6214C6B /* Pods-ParseChatTests.release.xcconfig */ = {isa = PBXFileReference; includeInIndex = 1; lastKnownFileType = text.xcconfig; name = "Pods-ParseChatTests.release.xcconfig"; path = "Pods/Target Support Files/Pods-ParseChatTests/Pods-ParseChatTests.release.xcconfig"; sourceTree = "<group>"; };
		62B1BC9C2BB4551C88418104 /* Pods-ParseChatUITests.debug.xcconfig */ = {isa = PBXFileReference; includeInIndex = 1; lastKnownFileType = text.xcconfig; name = "Pods-ParseChatUITests.debug.xcconfig"; path = "Pods/Target Support Files/Pods-ParseChatUITests/Pods-ParseChatUITests.debug.xcconfig"; sourceTree = "<group>"; };
		759F4A7F05A9BC51914E5AD8 /* Pods-ParseChatUITests.release.xcconfig */ = {isa = PBXFileReference; includeInIndex = 1; lastKnownFileType = text.xcconfig; name = "Pods-ParseChatUITests.release.xcconfig"; path = "Pods/Target Support Files/Pods-ParseChatUITests/Pods-ParseChatUITests.release.xcconfig"; sourceTree = "<group>"; };
		801141C172B770E621484AC3 /* Pods_ParseChatUITests.framework */ = {isa = PBXFileReference; explicitFileType = wrapper.framework; includeInIndex = 0; path = Pods_ParseChatUITests.framework; sourceTree = BUILT_PRODUCTS_DIR; };
		AF2CC4D674A3A1EAFFA7D50D /* Pods_ParseChatTests.framework */ = {isa = PBXFileReference; explicitFileType = wrapper.framework; includeInIndex = 0; path = Pods_ParseChatTests.framework; sourceTree = BUILT_PRODUCTS_DIR; };
		BA4BF2F7CE6C6DEDD871604D /* Pods-ParseChat.debug.xcconfig */ = {isa = PBXFileReference; includeInIndex = 1; lastKnownFileType = text.xcconfig; name = "Pods-ParseChat.debug.xcconfig"; path = "Pods/Target Support Files/Pods-ParseChat/Pods-ParseChat.debug.xcconfig"; sourceTree = "<group>"; };
		C003820BB9882F95D7DCB2C5 /* Pods_ParseChat.framework */ = {isa = PBXFileReference; explicitFileType = wrapper.framework; includeInIndex = 0; path = Pods_ParseChat.framework; sourceTree = BUILT_PRODUCTS_DIR; };
		E6A44035D5AFB57687AF334D /* Pods-ParseChat.release.xcconfig */ = {isa = PBXFileReference; includeInIndex = 1; lastKnownFileType = text.xcconfig; name = "Pods-ParseChat.release.xcconfig"; path = "Pods/Target Support Files/Pods-ParseChat/Pods-ParseChat.release.xcconfig"; sourceTree = "<group>"; };
/* End PBXFileReference section */

/* Begin PBXFrameworksBuildPhase section */
		2DC588B21E52B746001FBCE1 /* Frameworks */ = {
			isa = PBXFrameworksBuildPhase;
			buildActionMask = 2147483647;
			files = (
				B97BCAF1B37AD45559D8C56D /* Pods_ParseChat.framework in Frameworks */,
			);
			runOnlyForDeploymentPostprocessing = 0;
		};
		2DC588C61E52B746001FBCE1 /* Frameworks */ = {
			isa = PBXFrameworksBuildPhase;
			buildActionMask = 2147483647;
			files = (
				32914AF7D7A52163A43BC96C /* Pods_ParseChatTests.framework in Frameworks */,
			);
			runOnlyForDeploymentPostprocessing = 0;
		};
		2DC588D11E52B746001FBCE1 /* Frameworks */ = {
			isa = PBXFrameworksBuildPhase;
			buildActionMask = 2147483647;
			files = (
				327C235440549EDBEB639EF6 /* Pods_ParseChatUITests.framework in Frameworks */,
			);
			runOnlyForDeploymentPostprocessing = 0;
		};
/* End PBXFrameworksBuildPhase section */

/* Begin PBXGroup section */
		1E7BD1A875B9FF11E2D756F5 /* Frameworks */ = {
			isa = PBXGroup;
			children = (
				C003820BB9882F95D7DCB2C5 /* Pods_ParseChat.framework */,
				AF2CC4D674A3A1EAFFA7D50D /* Pods_ParseChatTests.framework */,
				801141C172B770E621484AC3 /* Pods_ParseChatUITests.framework */,
			);
			name = Frameworks;
			sourceTree = "<group>";
		};
		2D6895F71E52BC8500800FF4 /* View Controllers */ = {
			isa = PBXGroup;
			children = (
				2D6895F51E52BC7800800FF4 /* LoginViewController.swift */,
				2D6895F81E52C8E100800FF4 /* ChatViewController.swift */,
			);
			name = "View Controllers";
			sourceTree = "<group>";
		};
		2DC588AC1E52B746001FBCE1 = {
			isa = PBXGroup;
			children = (
				2DC588B71E52B746001FBCE1 /* ParseChat */,
				2DC588CC1E52B746001FBCE1 /* ParseChatTests */,
				2DC588D71E52B746001FBCE1 /* ParseChatUITests */,
				2DC588B61E52B746001FBCE1 /* Products */,
				4D263B6D5842767752C1C6F4 /* Pods */,
				1E7BD1A875B9FF11E2D756F5 /* Frameworks */,
			);
			sourceTree = "<group>";
		};
		2DC588B61E52B746001FBCE1 /* Products */ = {
			isa = PBXGroup;
			children = (
				2DC588B51E52B746001FBCE1 /* ParseChat.app */,
				2DC588C91E52B746001FBCE1 /* ParseChatTests.xctest */,
				2DC588D41E52B746001FBCE1 /* ParseChatUITests.xctest */,
			);
			name = Products;
			sourceTree = "<group>";
		};
		2DC588B71E52B746001FBCE1 /* ParseChat */ = {
			isa = PBXGroup;
			children = (
				2D6895F71E52BC8500800FF4 /* View Controllers */,
				2DC588B81E52B746001FBCE1 /* AppDelegate.swift */,
				2DC588BC1E52B746001FBCE1 /* Main.storyboard */,
				2DC588C11E52B746001FBCE1 /* LaunchScreen.storyboard */,
				2DC588BF1E52B746001FBCE1 /* Assets.xcassets */,
				2DC588C41E52B746001FBCE1 /* Info.plist */,
			);
			path = ParseChat;
			sourceTree = "<group>";
		};
		2DC588CC1E52B746001FBCE1 /* ParseChatTests */ = {
			isa = PBXGroup;
			children = (
				2DC588CD1E52B746001FBCE1 /* ParseChatTests.swift */,
				2DC588CF1E52B746001FBCE1 /* Info.plist */,
			);
			path = ParseChatTests;
			sourceTree = "<group>";
		};
		2DC588D71E52B746001FBCE1 /* ParseChatUITests */ = {
			isa = PBXGroup;
			children = (
				2DC588D81E52B746001FBCE1 /* ParseChatUITests.swift */,
				2DC588DA1E52B746001FBCE1 /* Info.plist */,
			);
			path = ParseChatUITests;
			sourceTree = "<group>";
		};
		4D263B6D5842767752C1C6F4 /* Pods */ = {
			isa = PBXGroup;
			children = (
				BA4BF2F7CE6C6DEDD871604D /* Pods-ParseChat.debug.xcconfig */,
				E6A44035D5AFB57687AF334D /* Pods-ParseChat.release.xcconfig */,
				34C2FD97DEFDD38B2CFFD0E7 /* Pods-ParseChatTests.debug.xcconfig */,
				50CCDB47EF1861C9D6214C6B /* Pods-ParseChatTests.release.xcconfig */,
				62B1BC9C2BB4551C88418104 /* Pods-ParseChatUITests.debug.xcconfig */,
				759F4A7F05A9BC51914E5AD8 /* Pods-ParseChatUITests.release.xcconfig */,
			);
			name = Pods;
			sourceTree = "<group>";
		};
/* End PBXGroup section */

/* Begin PBXNativeTarget section */
		2DC588B41E52B746001FBCE1 /* ParseChat */ = {
			isa = PBXNativeTarget;
			buildConfigurationList = 2DC588DD1E52B746001FBCE1 /* Build configuration list for PBXNativeTarget "ParseChat" */;
			buildPhases = (
				365229435931EFB5D0844BD7 /* [CP] Check Pods Manifest.lock */,
				2DC588B11E52B746001FBCE1 /* Sources */,
				2DC588B21E52B746001FBCE1 /* Frameworks */,
				2DC588B31E52B746001FBCE1 /* Resources */,
				701705AAD023BEFC4A7FEAED /* [CP] Embed Pods Frameworks */,
				279379A918627CF4620331DF /* [CP] Copy Pods Resources */,
			);
			buildRules = (
			);
			dependencies = (
			);
			name = ParseChat;
			productName = ParseChat;
			productReference = 2DC588B51E52B746001FBCE1 /* ParseChat.app */;
			productType = "com.apple.product-type.application";
		};
		2DC588C81E52B746001FBCE1 /* ParseChatTests */ = {
			isa = PBXNativeTarget;
			buildConfigurationList = 2DC588E01E52B746001FBCE1 /* Build configuration list for PBXNativeTarget "ParseChatTests" */;
			buildPhases = (
				0E84CA66B9875F860E10DF8F /* [CP] Check Pods Manifest.lock */,
				2DC588C51E52B746001FBCE1 /* Sources */,
				2DC588C61E52B746001FBCE1 /* Frameworks */,
				2DC588C71E52B746001FBCE1 /* Resources */,
				65C05A8C177AABD575E76B0A /* [CP] Embed Pods Frameworks */,
				F27238DCAA1B85177F59BB4D /* [CP] Copy Pods Resources */,
			);
			buildRules = (
			);
			dependencies = (
				2DC588CB1E52B746001FBCE1 /* PBXTargetDependency */,
			);
			name = ParseChatTests;
			productName = ParseChatTests;
			productReference = 2DC588C91E52B746001FBCE1 /* ParseChatTests.xctest */;
			productType = "com.apple.product-type.bundle.unit-test";
		};
		2DC588D31E52B746001FBCE1 /* ParseChatUITests */ = {
			isa = PBXNativeTarget;
			buildConfigurationList = 2DC588E31E52B746001FBCE1 /* Build configuration list for PBXNativeTarget "ParseChatUITests" */;
			buildPhases = (
				212E92149B745797ED01269D /* [CP] Check Pods Manifest.lock */,
				2DC588D01E52B746001FBCE1 /* Sources */,
				2DC588D11E52B746001FBCE1 /* Frameworks */,
				2DC588D21E52B746001FBCE1 /* Resources */,
				33C2C8ED0237D3E6984C8505 /* [CP] Embed Pods Frameworks */,
				ECFFEC831FED9CDDDA00C4E6 /* [CP] Copy Pods Resources */,
			);
			buildRules = (
			);
			dependencies = (
				2DC588D61E52B746001FBCE1 /* PBXTargetDependency */,
			);
			name = ParseChatUITests;
			productName = ParseChatUITests;
			productReference = 2DC588D41E52B746001FBCE1 /* ParseChatUITests.xctest */;
			productType = "com.apple.product-type.bundle.ui-testing";
		};
/* End PBXNativeTarget section */

/* Begin PBXProject section */
		2DC588AD1E52B746001FBCE1 /* Project object */ = {
			isa = PBXProject;
			attributes = {
				LastSwiftUpdateCheck = 0820;
				LastUpgradeCheck = 0820;
				ORGANIZATIONNAME = "Julian Bossiere";
				TargetAttributes = {
					2DC588B41E52B746001FBCE1 = {
						CreatedOnToolsVersion = 8.2.1;
						ProvisioningStyle = Automatic;
					};
					2DC588C81E52B746001FBCE1 = {
						CreatedOnToolsVersion = 8.2.1;
						ProvisioningStyle = Automatic;
						TestTargetID = 2DC588B41E52B746001FBCE1;
					};
					2DC588D31E52B746001FBCE1 = {
						CreatedOnToolsVersion = 8.2.1;
						ProvisioningStyle = Automatic;
						TestTargetID = 2DC588B41E52B746001FBCE1;
					};
				};
			};
			buildConfigurationList = 2DC588B01E52B746001FBCE1 /* Build configuration list for PBXProject "ParseChat" */;
			compatibilityVersion = "Xcode 3.2";
			developmentRegion = English;
			hasScannedForEncodings = 0;
			knownRegions = (
				en,
				Base,
			);
			mainGroup = 2DC588AC1E52B746001FBCE1;
			productRefGroup = 2DC588B61E52B746001FBCE1 /* Products */;
			projectDirPath = "";
			projectRoot = "";
			targets = (
				2DC588B41E52B746001FBCE1 /* ParseChat */,
				2DC588C81E52B746001FBCE1 /* ParseChatTests */,
				2DC588D31E52B746001FBCE1 /* ParseChatUITests */,
			);
		};
/* End PBXProject section */

/* Begin PBXResourcesBuildPhase section */
		2DC588B31E52B746001FBCE1 /* Resources */ = {
			isa = PBXResourcesBuildPhase;
			buildActionMask = 2147483647;
			files = (
				2DC588C31E52B746001FBCE1 /* LaunchScreen.storyboard in Resources */,
				2DC588C01E52B746001FBCE1 /* Assets.xcassets in Resources */,
				2DC588BE1E52B746001FBCE1 /* Main.storyboard in Resources */,
			);
			runOnlyForDeploymentPostprocessing = 0;
		};
		2DC588C71E52B746001FBCE1 /* Resources */ = {
			isa = PBXResourcesBuildPhase;
			buildActionMask = 2147483647;
			files = (
			);
			runOnlyForDeploymentPostprocessing = 0;
		};
		2DC588D21E52B746001FBCE1 /* Resources */ = {
			isa = PBXResourcesBuildPhase;
			buildActionMask = 2147483647;
			files = (
			);
			runOnlyForDeploymentPostprocessing = 0;
		};
/* End PBXResourcesBuildPhase section */

/* Begin PBXShellScriptBuildPhase section */
		0E84CA66B9875F860E10DF8F /* [CP] Check Pods Manifest.lock */ = {
			isa = PBXShellScriptBuildPhase;
			buildActionMask = 2147483647;
			files = (
			);
			inputPaths = (
			);
			name = "[CP] Check Pods Manifest.lock";
			outputPaths = (
			);
			runOnlyForDeploymentPostprocessing = 0;
			shellPath = /bin/sh;
			shellScript = "diff \"${PODS_ROOT}/../Podfile.lock\" \"${PODS_ROOT}/Manifest.lock\" > /dev/null\nif [ $? != 0 ] ; then\n    # print error to STDERR\n    echo \"error: The sandbox is not in sync with the Podfile.lock. Run 'pod install' or update your CocoaPods installation.\" >&2\n    exit 1\nfi\n";
			showEnvVarsInLog = 0;
		};
		212E92149B745797ED01269D /* [CP] Check Pods Manifest.lock */ = {
			isa = PBXShellScriptBuildPhase;
			buildActionMask = 2147483647;
			files = (
			);
			inputPaths = (
			);
			name = "[CP] Check Pods Manifest.lock";
			outputPaths = (
			);
			runOnlyForDeploymentPostprocessing = 0;
			shellPath = /bin/sh;
			shellScript = "diff \"${PODS_ROOT}/../Podfile.lock\" \"${PODS_ROOT}/Manifest.lock\" > /dev/null\nif [ $? != 0 ] ; then\n    # print error to STDERR\n    echo \"error: The sandbox is not in sync with the Podfile.lock. Run 'pod install' or update your CocoaPods installation.\" >&2\n    exit 1\nfi\n";
			showEnvVarsInLog = 0;
		};
		279379A918627CF4620331DF /* [CP] Copy Pods Resources */ = {
			isa = PBXShellScriptBuildPhase;
			buildActionMask = 2147483647;
			files = (
			);
			inputPaths = (
			);
			name = "[CP] Copy Pods Resources";
			outputPaths = (
			);
			runOnlyForDeploymentPostprocessing = 0;
			shellPath = /bin/sh;
			shellScript = "\"${SRCROOT}/Pods/Target Support Files/Pods-ParseChat/Pods-ParseChat-resources.sh\"\n";
			showEnvVarsInLog = 0;
		};
		33C2C8ED0237D3E6984C8505 /* [CP] Embed Pods Frameworks */ = {
			isa = PBXShellScriptBuildPhase;
			buildActionMask = 2147483647;
			files = (
			);
			inputPaths = (
			);
			name = "[CP] Embed Pods Frameworks";
			outputPaths = (
			);
			runOnlyForDeploymentPostprocessing = 0;
			shellPath = /bin/sh;
			shellScript = "\"${SRCROOT}/Pods/Target Support Files/Pods-ParseChatUITests/Pods-ParseChatUITests-frameworks.sh\"\n";
			showEnvVarsInLog = 0;
		};
		365229435931EFB5D0844BD7 /* [CP] Check Pods Manifest.lock */ = {
			isa = PBXShellScriptBuildPhase;
			buildActionMask = 2147483647;
			files = (
			);
			inputPaths = (
			);
			name = "[CP] Check Pods Manifest.lock";
			outputPaths = (
			);
			runOnlyForDeploymentPostprocessing = 0;
			shellPath = /bin/sh;
			shellScript = "diff \"${PODS_ROOT}/../Podfile.lock\" \"${PODS_ROOT}/Manifest.lock\" > /dev/null\nif [ $? != 0 ] ; then\n    # print error to STDERR\n    echo \"error: The sandbox is not in sync with the Podfile.lock. Run 'pod install' or update your CocoaPods installation.\" >&2\n    exit 1\nfi\n";
			showEnvVarsInLog = 0;
		};
		65C05A8C177AABD575E76B0A /* [CP] Embed Pods Frameworks */ = {
			isa = PBXShellScriptBuildPhase;
			buildActionMask = 2147483647;
			files = (
			);
			inputPaths = (
			);
			name = "[CP] Embed Pods Frameworks";
			outputPaths = (
			);
			runOnlyForDeploymentPostprocessing = 0;
			shellPath = /bin/sh;
			shellScript = "\"${SRCROOT}/Pods/Target Support Files/Pods-ParseChatTests/Pods-ParseChatTests-frameworks.sh\"\n";
			showEnvVarsInLog = 0;
		};
		701705AAD023BEFC4A7FEAED /* [CP] Embed Pods Frameworks */ = {
			isa = PBXShellScriptBuildPhase;
			buildActionMask = 2147483647;
			files = (
			);
			inputPaths = (
			);
			name = "[CP] Embed Pods Frameworks";
			outputPaths = (
			);
			runOnlyForDeploymentPostprocessing = 0;
			shellPath = /bin/sh;
			shellScript = "\"${SRCROOT}/Pods/Target Support Files/Pods-ParseChat/Pods-ParseChat-frameworks.sh\"\n";
			showEnvVarsInLog = 0;
		};
		ECFFEC831FED9CDDDA00C4E6 /* [CP] Copy Pods Resources */ = {
			isa = PBXShellScriptBuildPhase;
			buildActionMask = 2147483647;
			files = (
			);
			inputPaths = (
			);
			name = "[CP] Copy Pods Resources";
			outputPaths = (
			);
			runOnlyForDeploymentPostprocessing = 0;
			shellPath = /bin/sh;
			shellScript = "\"${SRCROOT}/Pods/Target Support Files/Pods-ParseChatUITests/Pods-ParseChatUITests-resources.sh\"\n";
			showEnvVarsInLog = 0;
		};
		F27238DCAA1B85177F59BB4D /* [CP] Copy Pods Resources */ = {
			isa = PBXShellScriptBuildPhase;
			buildActionMask = 2147483647;
			files = (
			);
			inputPaths = (
			);
			name = "[CP] Copy Pods Resources";
			outputPaths = (
			);
			runOnlyForDeploymentPostprocessing = 0;
			shellPath = /bin/sh;
			shellScript = "\"${SRCROOT}/Pods/Target Support Files/Pods-ParseChatTests/Pods-ParseChatTests-resources.sh\"\n";
			showEnvVarsInLog = 0;
		};
/* End PBXShellScriptBuildPhase section */

/* Begin PBXSourcesBuildPhase section */
		2DC588B11E52B746001FBCE1 /* Sources */ = {
			isa = PBXSourcesBuildPhase;
			buildActionMask = 2147483647;
			files = (
				2D6895F61E52BC7800800FF4 /* LoginViewController.swift in Sources */,
				2D6895F91E52C8E100800FF4 /* ChatViewController.swift in Sources */,
				2DC588B91E52B746001FBCE1 /* AppDelegate.swift in Sources */,
			);
			runOnlyForDeploymentPostprocessing = 0;
		};
		2DC588C51E52B746001FBCE1 /* Sources */ = {
			isa = PBXSourcesBuildPhase;
			buildActionMask = 2147483647;
			files = (
				2DC588CE1E52B746001FBCE1 /* ParseChatTests.swift in Sources */,
			);
			runOnlyForDeploymentPostprocessing = 0;
		};
		2DC588D01E52B746001FBCE1 /* Sources */ = {
			isa = PBXSourcesBuildPhase;
			buildActionMask = 2147483647;
			files = (
				2DC588D91E52B746001FBCE1 /* ParseChatUITests.swift in Sources */,
			);
			runOnlyForDeploymentPostprocessing = 0;
		};
/* End PBXSourcesBuildPhase section */

/* Begin PBXTargetDependency section */
		2DC588CB1E52B746001FBCE1 /* PBXTargetDependency */ = {
			isa = PBXTargetDependency;
			target = 2DC588B41E52B746001FBCE1 /* ParseChat */;
			targetProxy = 2DC588CA1E52B746001FBCE1 /* PBXContainerItemProxy */;
		};
		2DC588D61E52B746001FBCE1 /* PBXTargetDependency */ = {
			isa = PBXTargetDependency;
			target = 2DC588B41E52B746001FBCE1 /* ParseChat */;
			targetProxy = 2DC588D51E52B746001FBCE1 /* PBXContainerItemProxy */;
		};
/* End PBXTargetDependency section */

/* Begin PBXVariantGroup section */
		2DC588BC1E52B746001FBCE1 /* Main.storyboard */ = {
			isa = PBXVariantGroup;
			children = (
				2DC588BD1E52B746001FBCE1 /* Base */,
			);
			name = Main.storyboard;
			sourceTree = "<group>";
		};
		2DC588C11E52B746001FBCE1 /* LaunchScreen.storyboard */ = {
			isa = PBXVariantGroup;
			children = (
				2DC588C21E52B746001FBCE1 /* Base */,
			);
			name = LaunchScreen.storyboard;
			sourceTree = "<group>";
		};
/* End PBXVariantGroup section */

/* Begin XCBuildConfiguration section */
		2DC588DB1E52B746001FBCE1 /* Debug */ = {
			isa = XCBuildConfiguration;
			buildSettings = {
				ALWAYS_SEARCH_USER_PATHS = NO;
				CLANG_ANALYZER_NONNULL = YES;
				CLANG_CXX_LANGUAGE_STANDARD = "gnu++0x";
				CLANG_CXX_LIBRARY = "libc++";
				CLANG_ENABLE_MODULES = YES;
				CLANG_ENABLE_OBJC_ARC = YES;
				CLANG_WARN_BOOL_CONVERSION = YES;
				CLANG_WARN_CONSTANT_CONVERSION = YES;
				CLANG_WARN_DIRECT_OBJC_ISA_USAGE = YES_ERROR;
				CLANG_WARN_DOCUMENTATION_COMMENTS = YES;
				CLANG_WARN_EMPTY_BODY = YES;
				CLANG_WARN_ENUM_CONVERSION = YES;
				CLANG_WARN_INFINITE_RECURSION = YES;
				CLANG_WARN_INT_CONVERSION = YES;
				CLANG_WARN_OBJC_ROOT_CLASS = YES_ERROR;
				CLANG_WARN_SUSPICIOUS_MOVE = YES;
				CLANG_WARN_UNREACHABLE_CODE = YES;
				CLANG_WARN__DUPLICATE_METHOD_MATCH = YES;
				"CODE_SIGN_IDENTITY[sdk=iphoneos*]" = "iPhone Developer";
				COPY_PHASE_STRIP = NO;
				DEBUG_INFORMATION_FORMAT = dwarf;
				ENABLE_STRICT_OBJC_MSGSEND = YES;
				ENABLE_TESTABILITY = YES;
				GCC_C_LANGUAGE_STANDARD = gnu99;
				GCC_DYNAMIC_NO_PIC = NO;
				GCC_NO_COMMON_BLOCKS = YES;
				GCC_OPTIMIZATION_LEVEL = 0;
				GCC_PREPROCESSOR_DEFINITIONS = (
					"DEBUG=1",
					"$(inherited)",
				);
				GCC_WARN_64_TO_32_BIT_CONVERSION = YES;
				GCC_WARN_ABOUT_RETURN_TYPE = YES_ERROR;
				GCC_WARN_UNDECLARED_SELECTOR = YES;
				GCC_WARN_UNINITIALIZED_AUTOS = YES_AGGRESSIVE;
				GCC_WARN_UNUSED_FUNCTION = YES;
				GCC_WARN_UNUSED_VARIABLE = YES;
				IPHONEOS_DEPLOYMENT_TARGET = 10.2;
				MTL_ENABLE_DEBUG_INFO = YES;
				ONLY_ACTIVE_ARCH = YES;
				SDKROOT = iphoneos;
				SWIFT_ACTIVE_COMPILATION_CONDITIONS = DEBUG;
				SWIFT_OPTIMIZATION_LEVEL = "-Onone";
				TARGETED_DEVICE_FAMILY = "1,2";
			};
			name = Debug;
		};
		2DC588DC1E52B746001FBCE1 /* Release */ = {
			isa = XCBuildConfiguration;
			buildSettings = {
				ALWAYS_SEARCH_USER_PATHS = NO;
				CLANG_ANALYZER_NONNULL = YES;
				CLANG_CXX_LANGUAGE_STANDARD = "gnu++0x";
				CLANG_CXX_LIBRARY = "libc++";
				CLANG_ENABLE_MODULES = YES;
				CLANG_ENABLE_OBJC_ARC = YES;
				CLANG_WARN_BOOL_CONVERSION = YES;
				CLANG_WARN_CONSTANT_CONVERSION = YES;
				CLANG_WARN_DIRECT_OBJC_ISA_USAGE = YES_ERROR;
				CLANG_WARN_DOCUMENTATION_COMMENTS = YES;
				CLANG_WARN_EMPTY_BODY = YES;
				CLANG_WARN_ENUM_CONVERSION = YES;
				CLANG_WARN_INFINITE_RECURSION = YES;
				CLANG_WARN_INT_CONVERSION = YES;
				CLANG_WARN_OBJC_ROOT_CLASS = YES_ERROR;
				CLANG_WARN_SUSPICIOUS_MOVE = YES;
				CLANG_WARN_UNREACHABLE_CODE = YES;
				CLANG_WARN__DUPLICATE_METHOD_MATCH = YES;
				"CODE_SIGN_IDENTITY[sdk=iphoneos*]" = "iPhone Developer";
				COPY_PHASE_STRIP = NO;
				DEBUG_INFORMATION_FORMAT = "dwarf-with-dsym";
				ENABLE_NS_ASSERTIONS = NO;
				ENABLE_STRICT_OBJC_MSGSEND = YES;
				GCC_C_LANGUAGE_STANDARD = gnu99;
				GCC_NO_COMMON_BLOCKS = YES;
				GCC_WARN_64_TO_32_BIT_CONVERSION = YES;
				GCC_WARN_ABOUT_RETURN_TYPE = YES_ERROR;
				GCC_WARN_UNDECLARED_SELECTOR = YES;
				GCC_WARN_UNINITIALIZED_AUTOS = YES_AGGRESSIVE;
				GCC_WARN_UNUSED_FUNCTION = YES;
				GCC_WARN_UNUSED_VARIABLE = YES;
				IPHONEOS_DEPLOYMENT_TARGET = 10.2;
				MTL_ENABLE_DEBUG_INFO = NO;
				SDKROOT = iphoneos;
				SWIFT_OPTIMIZATION_LEVEL = "-Owholemodule";
				TARGETED_DEVICE_FAMILY = "1,2";
				VALIDATE_PRODUCT = YES;
			};
			name = Release;
		};
		2DC588DE1E52B746001FBCE1 /* Debug */ = {
			isa = XCBuildConfiguration;
			baseConfigurationReference = BA4BF2F7CE6C6DEDD871604D /* Pods-ParseChat.debug.xcconfig */;
			buildSettings = {
				ASSETCATALOG_COMPILER_APPICON_NAME = AppIcon;
				INFOPLIST_FILE = ParseChat/Info.plist;
				LD_RUNPATH_SEARCH_PATHS = "$(inherited) @executable_path/Frameworks";
				PRODUCT_BUNDLE_IDENTIFIER = julianbossiere.ParseChat;
				PRODUCT_NAME = "$(TARGET_NAME)";
				SWIFT_VERSION = 3.0;
			};
			name = Debug;
		};
		2DC588DF1E52B746001FBCE1 /* Release */ = {
			isa = XCBuildConfiguration;
			baseConfigurationReference = E6A44035D5AFB57687AF334D /* Pods-ParseChat.release.xcconfig */;
			buildSettings = {
				ASSETCATALOG_COMPILER_APPICON_NAME = AppIcon;
				INFOPLIST_FILE = ParseChat/Info.plist;
				LD_RUNPATH_SEARCH_PATHS = "$(inherited) @executable_path/Frameworks";
				PRODUCT_BUNDLE_IDENTIFIER = julianbossiere.ParseChat;
				PRODUCT_NAME = "$(TARGET_NAME)";
				SWIFT_VERSION = 3.0;
			};
			name = Release;
		};
		2DC588E11E52B746001FBCE1 /* Debug */ = {
			isa = XCBuildConfiguration;
			baseConfigurationReference = 34C2FD97DEFDD38B2CFFD0E7 /* Pods-ParseChatTests.debug.xcconfig */;
			buildSettings = {
				ALWAYS_EMBED_SWIFT_STANDARD_LIBRARIES = YES;
				BUNDLE_LOADER = "$(TEST_HOST)";
				INFOPLIST_FILE = ParseChatTests/Info.plist;
				LD_RUNPATH_SEARCH_PATHS = "$(inherited) @executable_path/Frameworks @loader_path/Frameworks";
				PRODUCT_BUNDLE_IDENTIFIER = julianbossiere.ParseChatTests;
				PRODUCT_NAME = "$(TARGET_NAME)";
				SWIFT_VERSION = 3.0;
				TEST_HOST = "$(BUILT_PRODUCTS_DIR)/ParseChat.app/ParseChat";
			};
			name = Debug;
		};
		2DC588E21E52B746001FBCE1 /* Release */ = {
			isa = XCBuildConfiguration;
			baseConfigurationReference = 50CCDB47EF1861C9D6214C6B /* Pods-ParseChatTests.release.xcconfig */;
			buildSettings = {
				ALWAYS_EMBED_SWIFT_STANDARD_LIBRARIES = YES;
				BUNDLE_LOADER = "$(TEST_HOST)";
				INFOPLIST_FILE = ParseChatTests/Info.plist;
				LD_RUNPATH_SEARCH_PATHS = "$(inherited) @executable_path/Frameworks @loader_path/Frameworks";
				PRODUCT_BUNDLE_IDENTIFIER = julianbossiere.ParseChatTests;
				PRODUCT_NAME = "$(TARGET_NAME)";
				SWIFT_VERSION = 3.0;
				TEST_HOST = "$(BUILT_PRODUCTS_DIR)/ParseChat.app/ParseChat";
			};
			name = Release;
		};
		2DC588E41E52B746001FBCE1 /* Debug */ = {
			isa = XCBuildConfiguration;
			baseConfigurationReference = 62B1BC9C2BB4551C88418104 /* Pods-ParseChatUITests.debug.xcconfig */;
			buildSettings = {
				ALWAYS_EMBED_SWIFT_STANDARD_LIBRARIES = YES;
				INFOPLIST_FILE = ParseChatUITests/Info.plist;
				LD_RUNPATH_SEARCH_PATHS = "$(inherited) @executable_path/Frameworks @loader_path/Frameworks";
				PRODUCT_BUNDLE_IDENTIFIER = julianbossiere.ParseChatUITests;
				PRODUCT_NAME = "$(TARGET_NAME)";
				SWIFT_VERSION = 3.0;
				TEST_TARGET_NAME = ParseChat;
			};
			name = Debug;
		};
		2DC588E51E52B746001FBCE1 /* Release */ = {
			isa = XCBuildConfiguration;
			baseConfigurationReference = 759F4A7F05A9BC51914E5AD8 /* Pods-ParseChatUITests.release.xcconfig */;
			buildSettings = {
				ALWAYS_EMBED_SWIFT_STANDARD_LIBRARIES = YES;
				INFOPLIST_FILE = ParseChatUITests/Info.plist;
				LD_RUNPATH_SEARCH_PATHS = "$(inherited) @executable_path/Frameworks @loader_path/Frameworks";
				PRODUCT_BUNDLE_IDENTIFIER = julianbossiere.ParseChatUITests;
				PRODUCT_NAME = "$(TARGET_NAME)";
				SWIFT_VERSION = 3.0;
				TEST_TARGET_NAME = ParseChat;
			};
			name = Release;
		};
/* End XCBuildConfiguration section */

/* Begin XCConfigurationList section */
		2DC588B01E52B746001FBCE1 /* Build configuration list for PBXProject "ParseChat" */ = {
			isa = XCConfigurationList;
			buildConfigurations = (
				2DC588DB1E52B746001FBCE1 /* Debug */,
				2DC588DC1E52B746001FBCE1 /* Release */,
			);
			defaultConfigurationIsVisible = 0;
			defaultConfigurationName = Release;
		};
		2DC588DD1E52B746001FBCE1 /* Build configuration list for PBXNativeTarget "ParseChat" */ = {
			isa = XCConfigurationList;
			buildConfigurations = (
				2DC588DE1E52B746001FBCE1 /* Debug */,
				2DC588DF1E52B746001FBCE1 /* Release */,
			);
			defaultConfigurationIsVisible = 0;
			defaultConfigurationName = Release;
		};
		2DC588E01E52B746001FBCE1 /* Build configuration list for PBXNativeTarget "ParseChatTests" */ = {
			isa = XCConfigurationList;
			buildConfigurations = (
				2DC588E11E52B746001FBCE1 /* Debug */,
				2DC588E21E52B746001FBCE1 /* Release */,
			);
			defaultConfigurationIsVisible = 0;
			defaultConfigurationName = Release;
		};
		2DC588E31E52B746001FBCE1 /* Build configuration list for PBXNativeTarget "ParseChatUITests" */ = {
			isa = XCConfigurationList;
			buildConfigurations = (
				2DC588E41E52B746001FBCE1 /* Debug */,
				2DC588E51E52B746001FBCE1 /* Release */,
			);
			defaultConfigurationIsVisible = 0;
			defaultConfigurationName = Release;
		};
/* End XCConfigurationList section */
	};
	rootObject = 2DC588AD1E52B746001FBCE1 /* Project object */;
}
